
Microsoft Visual Studio Solution File, Format Version 12.00
# Visual Studio 15
VisualStudioVersion = 15.0.26730.16
MinimumVisualStudioVersion = 10.0.40219.1
Project("{FAE04EC0-301F-11D3-BF4B-00C04F79EFBC}") = "ChatClient", "ChatClient\ChatClient.csproj", "{A003F84D-6090-4612-88CE-92527D8BC820}"
EndProject
Global
	GlobalSection(SolutionConfigurationPlatforms) = preSolution
		Debug|Any CPU = Debug|Any CPU
		Release|Any CPU = Release|Any CPU
	EndGlobalSection
	GlobalSection(ProjectConfigurationPlatforms) = postSolution
		{A003F84D-6090-4612-88CE-92527D8BC820}.Debug|Any CPU.ActiveCfg = Debug|Any CPU
		{A003F84D-6090-4612-88CE-92527D8BC820}.Debug|Any CPU.Build.0 = Debug|Any CPU
		{A003F84D-6090-4612-88CE-92527D8BC820}.Release|Any CPU.ActiveCfg = Release|Any CPU
		{A003F84D-6090-4612-88CE-92527D8BC820}.Release|Any CPU.Build.0 = Release|Any CPU
	EndGlobalSection
	GlobalSection(SolutionProperties) = preSolution
		HideSolutionNode = FALSE
	EndGlobalSection
	GlobalSection(ExtensibilityGlobals) = postSolution
		SolutionGuid = {2AE01C8F-7C85-4876-BBE3-B6212B309034}
	EndGlobalSection
EndGlobal
